schema: '2.0'
stages:
  data_ingestion:
    cmd: python src/data/data_ingestion.py
    deps:
    - path: src/data/data_ingestion.py
      hash: md5
      md5: ee08a4c31ae467cebbcce70b5cc5491a
      size: 3545
    params:
      params.yaml:
        data_ingestion.test_size: 0.3
    outs:
    - path: data/raw
      hash: md5
      md5: 03b3b604b1f92a17191a7fc947e576d6.dir
      size: 827973
      nfiles: 2
  data_preprocessing:
    cmd: python src/data/data_preprocessing.py
    deps:
    - path: data/raw
      hash: md5
      md5: 03b3b604b1f92a17191a7fc947e576d6.dir
      size: 827973
      nfiles: 2
    - path: src/data/data_preprocessing.py
      hash: md5
      md5: c1e18bf95fcc1e3d80cae9ee7c4a6383
      size: 4014
    outs:
    - path: data/interim
      hash: md5
      md5: 5dc0cd6aef8578eb36f1b67dc4d67723.dir
      size: 566210
      nfiles: 2
  feature_engineering:
    cmd: python src/features/feature_engineering.py
    deps:
    - path: data/interim
      hash: md5
      md5: 5dc0cd6aef8578eb36f1b67dc4d67723.dir
      size: 566210
      nfiles: 2
    - path: src/features/feature_engineering.py
      hash: md5
      md5: c1888aef256c204017522c2ce5fd36a0
      size: 3883
    params:
      params.yaml:
        feature_engineering.max_features: 4000
    outs:
    - path: data/processed
      hash: md5
      md5: c55b1731bcd01fd6f7a013c67e14ef51.dir
      size: 83060916
      nfiles: 2
    - path: models/vectorizer.pkl
      hash: md5
      md5: 1a04f372f9b972cc477af584b51e0d7f
      size: 111398
  model_building:
    cmd: python src/model/model_building.py
    deps:
    - path: data/processed
      hash: md5
      md5: c55b1731bcd01fd6f7a013c67e14ef51.dir
      size: 83060916
      nfiles: 2
    - path: src/model/model_building.py
      hash: md5
      md5: 4d89bb8181366c524ab585b55705b265
      size: 2298
    outs:
    - path: models/model.pkl
      hash: md5
      md5: d260d7d3ce68092c1929ec9cab42f653
      size: 32717
  model_evaluation:
    cmd: python src/model/model_evaluation.py
    deps:
    - path: models/model.pkl
      hash: md5
      md5: d260d7d3ce68092c1929ec9cab42f653
      size: 32717
    - path: src/model/model_evaluation.py
      hash: md5
      md5: 24037096f7b4135ec028dcd1134f7edd
      size: 5331
    outs:
    - path: reports/experiment_info.json
      hash: md5
      md5: 4a733eac1db07e80f770dd64ec48ab14
      size: 82
    - path: reports/metrics.json
      hash: md5
      md5: ff37a364cc9b021f93f24109f5554f64
      size: 145
  model_registration:
    cmd: python src/model/register_model.py
    deps:
    - path: reports/experiment_info.json
      hash: md5
      md5: 4a733eac1db07e80f770dd64ec48ab14
      size: 82
    - path: src/model/register_model.py
      hash: md5
      md5: 6c588f3825723582e8acfa36f90a206a
      size: 2804
